
Microsoft Visual Studio Solution File, Format Version 12.00
# Visual Studio Version 17
VisualStudioVersion = 17.0.32126.317
MinimumVisualStudioVersion = 10.0.40219.1
Project("{9A19103F-16F7-4668-BE54-9A1E7A4F7556}") = "geradorDeTestes.WinApp", "geradorDeTestes.WinApp\geradorDeTestes.WinApp.csproj", "{84D11F82-96FB-44A5-BFD4-DC1DDF1DEAFF}"
EndProject
Project("{FAE04EC0-301F-11D3-BF4B-00C04F79EFBC}") = "geradorDeTestes.Dominio", "geradorDeTestes.Dominio\geradorDeTestes.Dominio.csproj", "{7F5EEB59-85CA-438F-BAA0-28D2227F01B7}"
EndProject
Project("{FAE04EC0-301F-11D3-BF4B-00C04F79EFBC}") = "geradorDeTestes.Infra.Arquivos", "GeradorDeTestes.Infra.Arquivos\geradorDeTestes.Infra.Arquivos.csproj", "{B965C819-A9AF-4A99-93F2-F0FD83969C02}"
EndProject
Global
	GlobalSection(SolutionConfigurationPlatforms) = preSolution
		Debug|Any CPU = Debug|Any CPU
		Release|Any CPU = Release|Any CPU
	EndGlobalSection
	GlobalSection(ProjectConfigurationPlatforms) = postSolution
		{84D11F82-96FB-44A5-BFD4-DC1DDF1DEAFF}.Debug|Any CPU.ActiveCfg = Debug|Any CPU
		{84D11F82-96FB-44A5-BFD4-DC1DDF1DEAFF}.Debug|Any CPU.Build.0 = Debug|Any CPU
		{84D11F82-96FB-44A5-BFD4-DC1DDF1DEAFF}.Release|Any CPU.ActiveCfg = Release|Any CPU
		{84D11F82-96FB-44A5-BFD4-DC1DDF1DEAFF}.Release|Any CPU.Build.0 = Release|Any CPU
		{7F5EEB59-85CA-438F-BAA0-28D2227F01B7}.Debug|Any CPU.ActiveCfg = Debug|Any CPU
		{7F5EEB59-85CA-438F-BAA0-28D2227F01B7}.Debug|Any CPU.Build.0 = Debug|Any CPU
		{7F5EEB59-85CA-438F-BAA0-28D2227F01B7}.Release|Any CPU.ActiveCfg = Release|Any CPU
		{7F5EEB59-85CA-438F-BAA0-28D2227F01B7}.Release|Any CPU.Build.0 = Release|Any CPU
		{B965C819-A9AF-4A99-93F2-F0FD83969C02}.Debug|Any CPU.ActiveCfg = Debug|Any CPU
		{B965C819-A9AF-4A99-93F2-F0FD83969C02}.Debug|Any CPU.Build.0 = Debug|Any CPU
		{B965C819-A9AF-4A99-93F2-F0FD83969C02}.Release|Any CPU.ActiveCfg = Release|Any CPU
		{B965C819-A9AF-4A99-93F2-F0FD83969C02}.Release|Any CPU.Build.0 = Release|Any CPU
	EndGlobalSection
	GlobalSection(SolutionProperties) = preSolution
		HideSolutionNode = FALSE
	EndGlobalSection
	GlobalSection(ExtensibilityGlobals) = postSolution
		SolutionGuid = {466D270F-1B93-46B6-AE34-B7E99CED6DA1}
	EndGlobalSection
EndGlobal
